
Microsoft Visual Studio Solution File, Format Version 11.00
# Visual Studio 2010
Project("{F14B399A-7131-4C87-9E4B-1186C45EF12D}") = "CarSalesReports", "CarSalesReports.rptproj", "{471AB447-103E-4AAF-A4E1-19D13FB48B98}"
EndProject
Global
	GlobalSection(SolutionConfigurationPlatforms) = preSolution
		Debug|Default = Debug|Default
		DebugLocal|Default = DebugLocal|Default
		Release|Default = Release|Default
	EndGlobalSection
	GlobalSection(ProjectConfigurationPlatforms) = postSolution
		{471AB447-103E-4AAF-A4E1-19D13FB48B98}.Debug|Default.ActiveCfg = Debug
		{471AB447-103E-4AAF-A4E1-19D13FB48B98}.Debug|Default.Build.0 = DebugLocal
		{471AB447-103E-4AAF-A4E1-19D13FB48B98}.Debug|Default.Deploy.0 = DebugLocal
		{471AB447-103E-4AAF-A4E1-19D13FB48B98}.DebugLocal|Default.ActiveCfg = DebugLocal
		{471AB447-103E-4AAF-A4E1-19D13FB48B98}.DebugLocal|Default.Build.0 = DebugLocal
		{471AB447-103E-4AAF-A4E1-19D13FB48B98}.Release|Default.ActiveCfg = Release
		{471AB447-103E-4AAF-A4E1-19D13FB48B98}.Release|Default.Build.0 = Release
		{471AB447-103E-4AAF-A4E1-19D13FB48B98}.Release|Default.Deploy.0 = Release
	EndGlobalSection
	GlobalSection(SolutionProperties) = preSolution
		HideSolutionNode = FALSE
	EndGlobalSection
EndGlobal
